// !$*UTF8*$!
{
	archiveVersion = 1;
	classes = {
	};
	objectVersion = 55;
	objects = {

/* Begin PBXBuildFile section */
		60746C8428A503DF003A5BFB /* CountryModel.swift in Sources */ = {isa = PBXBuildFile; fileRef = 60746C8328A503DF003A5BFB /* CountryModel.swift */; };
		60746C9028A50D53003A5BFB /* ContinentListPresenter.swift in Sources */ = {isa = PBXBuildFile; fileRef = 60746C8A28A50D53003A5BFB /* ContinentListPresenter.swift */; };
		60746C9128A50D53003A5BFB /* ContinentListWorker.swift in Sources */ = {isa = PBXBuildFile; fileRef = 60746C8B28A50D53003A5BFB /* ContinentListWorker.swift */; };
		60746C9228A50D53003A5BFB /* ContinentListRouter.swift in Sources */ = {isa = PBXBuildFile; fileRef = 60746C8C28A50D53003A5BFB /* ContinentListRouter.swift */; };
		60746C9328A50D53003A5BFB /* ContinentListModels.swift in Sources */ = {isa = PBXBuildFile; fileRef = 60746C8D28A50D53003A5BFB /* ContinentListModels.swift */; };
		60746C9428A50D53003A5BFB /* ContinentListViewController.swift in Sources */ = {isa = PBXBuildFile; fileRef = 60746C8E28A50D53003A5BFB /* ContinentListViewController.swift */; };
		60746C9528A50D53003A5BFB /* ContinentListInteractor.swift in Sources */ = {isa = PBXBuildFile; fileRef = 60746C8F28A50D53003A5BFB /* ContinentListInteractor.swift */; };
		60746C9B28A522F3003A5BFB /* CountryTableViewCell.swift in Sources */ = {isa = PBXBuildFile; fileRef = 60746C9A28A522F3003A5BFB /* CountryTableViewCell.swift */; };
		60746C9D28A524EF003A5BFB /* Model.swift in Sources */ = {isa = PBXBuildFile; fileRef = 60746C9C28A524EF003A5BFB /* Model.swift */; };
		60746C9F28A52673003A5BFB /* DataSourcce.swift in Sources */ = {isa = PBXBuildFile; fileRef = 60746C9E28A52673003A5BFB /* DataSourcce.swift */; };
		60746CA128A52A52003A5BFB /* APIManager.swift in Sources */ = {isa = PBXBuildFile; fileRef = 60746CA028A52A52003A5BFB /* APIManager.swift */; };
		60CB849E28A447160035C421 /* AppDelegate.swift in Sources */ = {isa = PBXBuildFile; fileRef = 60CB849D28A447160035C421 /* AppDelegate.swift */; };
		60CB84A028A447160035C421 /* SceneDelegate.swift in Sources */ = {isa = PBXBuildFile; fileRef = 60CB849F28A447160035C421 /* SceneDelegate.swift */; };
		60CB84A228A447160035C421 /* ViewController.swift in Sources */ = {isa = PBXBuildFile; fileRef = 60CB84A128A447160035C421 /* ViewController.swift */; };
		60CB84A528A447160035C421 /* Main.storyboard in Resources */ = {isa = PBXBuildFile; fileRef = 60CB84A328A447160035C421 /* Main.storyboard */; };
		60CB84A728A447170035C421 /* Assets.xcassets in Resources */ = {isa = PBXBuildFile; fileRef = 60CB84A628A447170035C421 /* Assets.xcassets */; };
		60CB84AA28A447170035C421 /* LaunchScreen.storyboard in Resources */ = {isa = PBXBuildFile; fileRef = 60CB84A828A447170035C421 /* LaunchScreen.storyboard */; };
/* End PBXBuildFile section */

/* Begin PBXFileReference section */
		60746C8328A503DF003A5BFB /* CountryModel.swift */ = {isa = PBXFileReference; lastKnownFileType = sourcecode.swift; path = CountryModel.swift; sourceTree = "<group>"; };
		60746C8A28A50D53003A5BFB /* ContinentListPresenter.swift */ = {isa = PBXFileReference; lastKnownFileType = sourcecode.swift; path = ContinentListPresenter.swift; sourceTree = "<group>"; };
		60746C8B28A50D53003A5BFB /* ContinentListWorker.swift */ = {isa = PBXFileReference; lastKnownFileType = sourcecode.swift; path = ContinentListWorker.swift; sourceTree = "<group>"; };
		60746C8C28A50D53003A5BFB /* ContinentListRouter.swift */ = {isa = PBXFileReference; lastKnownFileType = sourcecode.swift; path = ContinentListRouter.swift; sourceTree = "<group>"; };
		60746C8D28A50D53003A5BFB /* ContinentListModels.swift */ = {isa = PBXFileReference; lastKnownFileType = sourcecode.swift; path = ContinentListModels.swift; sourceTree = "<group>"; };
		60746C8E28A50D53003A5BFB /* ContinentListViewController.swift */ = {isa = PBXFileReference; lastKnownFileType = sourcecode.swift; path = ContinentListViewController.swift; sourceTree = "<group>"; };
		60746C8F28A50D53003A5BFB /* ContinentListInteractor.swift */ = {isa = PBXFileReference; lastKnownFileType = sourcecode.swift; path = ContinentListInteractor.swift; sourceTree = "<group>"; };
		60746C9A28A522F3003A5BFB /* CountryTableViewCell.swift */ = {isa = PBXFileReference; lastKnownFileType = sourcecode.swift; path = CountryTableViewCell.swift; sourceTree = "<group>"; };
		60746C9C28A524EF003A5BFB /* Model.swift */ = {isa = PBXFileReference; lastKnownFileType = sourcecode.swift; path = Model.swift; sourceTree = "<group>"; };
		60746C9E28A52673003A5BFB /* DataSourcce.swift */ = {isa = PBXFileReference; lastKnownFileType = sourcecode.swift; path = DataSourcce.swift; sourceTree = "<group>"; };
		60746CA028A52A52003A5BFB /* APIManager.swift */ = {isa = PBXFileReference; lastKnownFileType = sourcecode.swift; path = APIManager.swift; sourceTree = "<group>"; };
		60CB849A28A447160035C421 /* NatiaL_HW21.app */ = {isa = PBXFileReference; explicitFileType = wrapper.application; includeInIndex = 0; path = NatiaL_HW21.app; sourceTree = BUILT_PRODUCTS_DIR; };
		60CB849D28A447160035C421 /* AppDelegate.swift */ = {isa = PBXFileReference; lastKnownFileType = sourcecode.swift; path = AppDelegate.swift; sourceTree = "<group>"; };
		60CB849F28A447160035C421 /* SceneDelegate.swift */ = {isa = PBXFileReference; lastKnownFileType = sourcecode.swift; path = SceneDelegate.swift; sourceTree = "<group>"; };
		60CB84A128A447160035C421 /* ViewController.swift */ = {isa = PBXFileReference; lastKnownFileType = sourcecode.swift; path = ViewController.swift; sourceTree = "<group>"; };
		60CB84A428A447160035C421 /* Base */ = {isa = PBXFileReference; lastKnownFileType = file.storyboard; name = Base; path = Base.lproj/Main.storyboard; sourceTree = "<group>"; };
		60CB84A628A447170035C421 /* Assets.xcassets */ = {isa = PBXFileReference; lastKnownFileType = folder.assetcatalog; path = Assets.xcassets; sourceTree = "<group>"; };
		60CB84A928A447170035C421 /* Base */ = {isa = PBXFileReference; lastKnownFileType = file.storyboard; name = Base; path = Base.lproj/LaunchScreen.storyboard; sourceTree = "<group>"; };
		60CB84AB28A447170035C421 /* Info.plist */ = {isa = PBXFileReference; lastKnownFileType = text.plist.xml; path = Info.plist; sourceTree = "<group>"; };
/* End PBXFileReference section */

/* Begin PBXFrameworksBuildPhase section */
		60CB849728A447160035C421 /* Frameworks */ = {
			isa = PBXFrameworksBuildPhase;
			buildActionMask = 2147483647;
			files = (
			);
			runOnlyForDeploymentPostprocessing = 0;
		};
/* End PBXFrameworksBuildPhase section */

/* Begin PBXGroup section */
		60746C8028A503AD003A5BFB /* Domain */ = {
			isa = PBXGroup;
			children = (
				60746C8128A503C3003A5BFB /* Countries */,
			);
			path = Domain;
			sourceTree = "<group>";
		};
		60746C8128A503C3003A5BFB /* Countries */ = {
			isa = PBXGroup;
			children = (
				60746C8228A503CD003A5BFB /* Models */,
				60746C8528A5097D003A5BFB /* Scenes */,
			);
			path = Countries;
			sourceTree = "<group>";
		};
		60746C8228A503CD003A5BFB /* Models */ = {
			isa = PBXGroup;
			children = (
				60746C8328A503DF003A5BFB /* CountryModel.swift */,
			);
			path = Models;
			sourceTree = "<group>";
		};
		60746C8528A5097D003A5BFB /* Scenes */ = {
			isa = PBXGroup;
			children = (
				60746C8928A509F7003A5BFB /* ContinentList */,
				60746C8728A509B2003A5BFB /* CountryList */,
			);
			path = Scenes;
			sourceTree = "<group>";
		};
		60746C8728A509B2003A5BFB /* CountryList */ = {
			isa = PBXGroup;
			children = (
			);
			path = CountryList;
			sourceTree = "<group>";
		};
		60746C8928A509F7003A5BFB /* ContinentList */ = {
			isa = PBXGroup;
			children = (
				60746C8A28A50D53003A5BFB /* ContinentListPresenter.swift */,
				60746C8B28A50D53003A5BFB /* ContinentListWorker.swift */,
				60746C8C28A50D53003A5BFB /* ContinentListRouter.swift */,
				60746C8D28A50D53003A5BFB /* ContinentListModels.swift */,
				60746C8E28A50D53003A5BFB /* ContinentListViewController.swift */,
				60746C8F28A50D53003A5BFB /* ContinentListInteractor.swift */,
			);
			path = ContinentList;
			sourceTree = "<group>";
		};
		60746C9628A51737003A5BFB /* ForVIP */ = {
			isa = PBXGroup;
			children = (
				60746C8028A503AD003A5BFB /* Domain */,
			);
			path = ForVIP;
			sourceTree = "<group>";
		};
		60CB849128A447160035C421 = {
			isa = PBXGroup;
			children = (
				60CB849C28A447160035C421 /* NatiaL_HW21 */,
				60CB849B28A447160035C421 /* Products */,
			);
			sourceTree = "<group>";
		};
		60CB849B28A447160035C421 /* Products */ = {
			isa = PBXGroup;
			children = (
				60CB849A28A447160035C421 /* NatiaL_HW21.app */,
			);
			name = Products;
			sourceTree = "<group>";
		};
		60CB849C28A447160035C421 /* NatiaL_HW21 */ = {
			isa = PBXGroup;
			children = (
				60746C9628A51737003A5BFB /* ForVIP */,
				60CB84B128A4471E0035C421 /* Source Fiels */,
				60CB84A128A447160035C421 /* ViewController.swift */,
				60746C9C28A524EF003A5BFB /* Model.swift */,
				60746C9A28A522F3003A5BFB /* CountryTableViewCell.swift */,
				60746C9E28A52673003A5BFB /* DataSourcce.swift */,
				60746CA028A52A52003A5BFB /* APIManager.swift */,
				60CB84A328A447160035C421 /* Main.storyboard */,
				60CB84A628A447170035C421 /* Assets.xcassets */,
				60CB84A828A447170035C421 /* LaunchScreen.storyboard */,
				60CB84AB28A447170035C421 /* Info.plist */,
			);
			path = NatiaL_HW21;
			sourceTree = "<group>";
		};
		60CB84B128A4471E0035C421 /* Source Fiels */ = {
			isa = PBXGroup;
			children = (
				60CB849D28A447160035C421 /* AppDelegate.swift */,
				60CB849F28A447160035C421 /* SceneDelegate.swift */,
			);
			path = "Source Fiels";
			sourceTree = "<group>";
		};
/* End PBXGroup section */

/* Begin PBXNativeTarget section */
		60CB849928A447160035C421 /* NatiaL_HW21 */ = {
			isa = PBXNativeTarget;
			buildConfigurationList = 60CB84AE28A447170035C421 /* Build configuration list for PBXNativeTarget "NatiaL_HW21" */;
			buildPhases = (
				60CB849628A447160035C421 /* Sources */,
				60CB849728A447160035C421 /* Frameworks */,
				60CB849828A447160035C421 /* Resources */,
			);
			buildRules = (
			);
			dependencies = (
			);
			name = NatiaL_HW21;
			productName = NatiaL_HW21;
			productReference = 60CB849A28A447160035C421 /* NatiaL_HW21.app */;
			productType = "com.apple.product-type.application";
		};
/* End PBXNativeTarget section */

/* Begin PBXProject section */
		60CB849228A447160035C421 /* Project object */ = {
			isa = PBXProject;
			attributes = {
				BuildIndependentTargetsInParallel = 1;
				LastSwiftUpdateCheck = 1320;
				LastUpgradeCheck = 1320;
				TargetAttributes = {
					60CB849928A447160035C421 = {
						CreatedOnToolsVersion = 13.2.1;
					};
				};
			};
			buildConfigurationList = 60CB849528A447160035C421 /* Build configuration list for PBXProject "NatiaL_HW21" */;
			compatibilityVersion = "Xcode 13.0";
			developmentRegion = en;
			hasScannedForEncodings = 0;
			knownRegions = (
				en,
				Base,
			);
			mainGroup = 60CB849128A447160035C421;
			productRefGroup = 60CB849B28A447160035C421 /* Products */;
			projectDirPath = "";
			projectRoot = "";
			targets = (
				60CB849928A447160035C421 /* NatiaL_HW21 */,
			);
		};
/* End PBXProject section */

/* Begin PBXResourcesBuildPhase section */
		60CB849828A447160035C421 /* Resources */ = {
			isa = PBXResourcesBuildPhase;
			buildActionMask = 2147483647;
			files = (
				60CB84AA28A447170035C421 /* LaunchScreen.storyboard in Resources */,
				60CB84A728A447170035C421 /* Assets.xcassets in Resources */,
				60CB84A528A447160035C421 /* Main.storyboard in Resources */,
			);
			runOnlyForDeploymentPostprocessing = 0;
		};
/* End PBXResourcesBuildPhase section */

/* Begin PBXSourcesBuildPhase section */
		60CB849628A447160035C421 /* Sources */ = {
			isa = PBXSourcesBuildPhase;
			buildActionMask = 2147483647;
			files = (
				60746C9128A50D53003A5BFB /* ContinentListWorker.swift in Sources */,
				60746C9528A50D53003A5BFB /* ContinentListInteractor.swift in Sources */,
				60746C9228A50D53003A5BFB /* ContinentListRouter.swift in Sources */,
				60746C9D28A524EF003A5BFB /* Model.swift in Sources */,
				60746C9F28A52673003A5BFB /* DataSourcce.swift in Sources */,
				60746C9B28A522F3003A5BFB /* CountryTableViewCell.swift in Sources */,
				60746CA128A52A52003A5BFB /* APIManager.swift in Sources */,
				60CB84A228A447160035C421 /* ViewController.swift in Sources */,
				60CB849E28A447160035C421 /* AppDelegate.swift in Sources */,
				60746C8428A503DF003A5BFB /* CountryModel.swift in Sources */,
				60746C9428A50D53003A5BFB /* ContinentListViewController.swift in Sources */,
				60746C9028A50D53003A5BFB /* ContinentListPresenter.swift in Sources */,
				60746C9328A50D53003A5BFB /* ContinentListModels.swift in Sources */,
				60CB84A028A447160035C421 /* SceneDelegate.swift in Sources */,
			);
			runOnlyForDeploymentPostprocessing = 0;
		};
/* End PBXSourcesBuildPhase section */

/* Begin PBXVariantGroup section */
		60CB84A328A447160035C421 /* Main.storyboard */ = {
			isa = PBXVariantGroup;
			children = (
				60CB84A428A447160035C421 /* Base */,
			);
			name = Main.storyboard;
			sourceTree = "<group>";
		};
		60CB84A828A447170035C421 /* LaunchScreen.storyboard */ = {
			isa = PBXVariantGroup;
			children = (
				60CB84A928A447170035C421 /* Base */,
			);
			name = LaunchScreen.storyboard;
			sourceTree = "<group>";
		};
/* End PBXVariantGroup section */

/* Begin XCBuildConfiguration section */
		60CB84AC28A447170035C421 /* Debug */ = {
			isa = XCBuildConfiguration;
			buildSettings = {
				ALWAYS_SEARCH_USER_PATHS = NO;
				CLANG_ANALYZER_NONNULL = YES;
				CLANG_ANALYZER_NUMBER_OBJECT_CONVERSION = YES_AGGRESSIVE;
				CLANG_CXX_LANGUAGE_STANDARD = "gnu++17";
				CLANG_CXX_LIBRARY = "libc++";
				CLANG_ENABLE_MODULES = YES;
				CLANG_ENABLE_OBJC_ARC = YES;
				CLANG_ENABLE_OBJC_WEAK = YES;
				CLANG_WARN_BLOCK_CAPTURE_AUTORELEASING = YES;
				CLANG_WARN_BOOL_CONVERSION = YES;
				CLANG_WARN_COMMA = YES;
				CLANG_WARN_CONSTANT_CONVERSION = YES;
				CLANG_WARN_DEPRECATED_OBJC_IMPLEMENTATIONS = YES;
				CLANG_WARN_DIRECT_OBJC_ISA_USAGE = YES_ERROR;
				CLANG_WARN_DOCUMENTATION_COMMENTS = YES;
				CLANG_WARN_EMPTY_BODY = YES;
				CLANG_WARN_ENUM_CONVERSION = YES;
				CLANG_WARN_INFINITE_RECURSION = YES;
				CLANG_WARN_INT_CONVERSION = YES;
				CLANG_WARN_NON_LITERAL_NULL_CONVERSION = YES;
				CLANG_WARN_OBJC_IMPLICIT_RETAIN_SELF = YES;
				CLANG_WARN_OBJC_LITERAL_CONVERSION = YES;
				CLANG_WARN_OBJC_ROOT_CLASS = YES_ERROR;
				CLANG_WARN_QUOTED_INCLUDE_IN_FRAMEWORK_HEADER = YES;
				CLANG_WARN_RANGE_LOOP_ANALYSIS = YES;
				CLANG_WARN_STRICT_PROTOTYPES = YES;
				CLANG_WARN_SUSPICIOUS_MOVE = YES;
				CLANG_WARN_UNGUARDED_AVAILABILITY = YES_AGGRESSIVE;
				CLANG_WARN_UNREACHABLE_CODE = YES;
				CLANG_WARN__DUPLICATE_METHOD_MATCH = YES;
				COPY_PHASE_STRIP = NO;
				DEBUG_INFORMATION_FORMAT = dwarf;
				ENABLE_STRICT_OBJC_MSGSEND = YES;
				ENABLE_TESTABILITY = YES;
				GCC_C_LANGUAGE_STANDARD = gnu11;
				GCC_DYNAMIC_NO_PIC = NO;
				GCC_NO_COMMON_BLOCKS = YES;
				GCC_OPTIMIZATION_LEVEL = 0;
				GCC_PREPROCESSOR_DEFINITIONS = (
					"DEBUG=1",
					"$(inherited)",
				);
				GCC_WARN_64_TO_32_BIT_CONVERSION = YES;
				GCC_WARN_ABOUT_RETURN_TYPE = YES_ERROR;
				GCC_WARN_UNDECLARED_SELECTOR = YES;
				GCC_WARN_UNINITIALIZED_AUTOS = YES_AGGRESSIVE;
				GCC_WARN_UNUSED_FUNCTION = YES;
				GCC_WARN_UNUSED_VARIABLE = YES;
				IPHONEOS_DEPLOYMENT_TARGET = 15.2;
				MTL_ENABLE_DEBUG_INFO = INCLUDE_SOURCE;
				MTL_FAST_MATH = YES;
				ONLY_ACTIVE_ARCH = YES;
				SDKROOT = iphoneos;
				SWIFT_ACTIVE_COMPILATION_CONDITIONS = DEBUG;
				SWIFT_OPTIMIZATION_LEVEL = "-Onone";
			};
			name = Debug;
		};
		60CB84AD28A447170035C421 /* Release */ = {
			isa = XCBuildConfiguration;
			buildSettings = {
				ALWAYS_SEARCH_USER_PATHS = NO;
				CLANG_ANALYZER_NONNULL = YES;
				CLANG_ANALYZER_NUMBER_OBJECT_CONVERSION = YES_AGGRESSIVE;
				CLANG_CXX_LANGUAGE_STANDARD = "gnu++17";
				CLANG_CXX_LIBRARY = "libc++";
				CLANG_ENABLE_MODULES = YES;
				CLANG_ENABLE_OBJC_ARC = YES;
				CLANG_ENABLE_OBJC_WEAK = YES;
				CLANG_WARN_BLOCK_CAPTURE_AUTORELEASING = YES;
				CLANG_WARN_BOOL_CONVERSION = YES;
				CLANG_WARN_COMMA = YES;
				CLANG_WARN_CONSTANT_CONVERSION = YES;
				CLANG_WARN_DEPRECATED_OBJC_IMPLEMENTATIONS = YES;
				CLANG_WARN_DIRECT_OBJC_ISA_USAGE = YES_ERROR;
				CLANG_WARN_DOCUMENTATION_COMMENTS = YES;
				CLANG_WARN_EMPTY_BODY = YES;
				CLANG_WARN_ENUM_CONVERSION = YES;
				CLANG_WARN_INFINITE_RECURSION = YES;
				CLANG_WARN_INT_CONVERSION = YES;
				CLANG_WARN_NON_LITERAL_NULL_CONVERSION = YES;
				CLANG_WARN_OBJC_IMPLICIT_RETAIN_SELF = YES;
				CLANG_WARN_OBJC_LITERAL_CONVERSION = YES;
				CLANG_WARN_OBJC_ROOT_CLASS = YES_ERROR;
				CLANG_WARN_QUOTED_INCLUDE_IN_FRAMEWORK_HEADER = YES;
				CLANG_WARN_RANGE_LOOP_ANALYSIS = YES;
				CLANG_WARN_STRICT_PROTOTYPES = YES;
				CLANG_WARN_SUSPICIOUS_MOVE = YES;
				CLANG_WARN_UNGUARDED_AVAILABILITY = YES_AGGRESSIVE;
				CLANG_WARN_UNREACHABLE_CODE = YES;
				CLANG_WARN__DUPLICATE_METHOD_MATCH = YES;
				COPY_PHASE_STRIP = NO;
				DEBUG_INFORMATION_FORMAT = "dwarf-with-dsym";
				ENABLE_NS_ASSERTIONS = NO;
				ENABLE_STRICT_OBJC_MSGSEND = YES;
				GCC_C_LANGUAGE_STANDARD = gnu11;
				GCC_NO_COMMON_BLOCKS = YES;
				GCC_WARN_64_TO_32_BIT_CONVERSION = YES;
				GCC_WARN_ABOUT_RETURN_TYPE = YES_ERROR;
				GCC_WARN_UNDECLARED_SELECTOR = YES;
				GCC_WARN_UNINITIALIZED_AUTOS = YES_AGGRESSIVE;
				GCC_WARN_UNUSED_FUNCTION = YES;
				GCC_WARN_UNUSED_VARIABLE = YES;
				IPHONEOS_DEPLOYMENT_TARGET = 15.2;
				MTL_ENABLE_DEBUG_INFO = NO;
				MTL_FAST_MATH = YES;
				SDKROOT = iphoneos;
				SWIFT_COMPILATION_MODE = wholemodule;
				SWIFT_OPTIMIZATION_LEVEL = "-O";
				VALIDATE_PRODUCT = YES;
			};
			name = Release;
		};
		60CB84AF28A447170035C421 /* Debug */ = {
			isa = XCBuildConfiguration;
			buildSettings = {
				ASSETCATALOG_COMPILER_APPICON_NAME = AppIcon;
				ASSETCATALOG_COMPILER_GLOBAL_ACCENT_COLOR_NAME = AccentColor;
				CODE_SIGN_STYLE = Automatic;
				CURRENT_PROJECT_VERSION = 1;
				GENERATE_INFOPLIST_FILE = YES;
				INFOPLIST_FILE = NatiaL_HW21/Info.plist;
				INFOPLIST_KEY_UIApplicationSupportsIndirectInputEvents = YES;
				INFOPLIST_KEY_UILaunchStoryboardName = LaunchScreen;
				INFOPLIST_KEY_UIMainStoryboardFile = Main;
				INFOPLIST_KEY_UISupportedInterfaceOrientations_iPad = "UIInterfaceOrientationPortrait UIInterfaceOrientationPortraitUpsideDown UIInterfaceOrientationLandscapeLeft UIInterfaceOrientationLandscapeRight";
				INFOPLIST_KEY_UISupportedInterfaceOrientations_iPhone = "UIInterfaceOrientationPortrait UIInterfaceOrientationLandscapeLeft UIInterfaceOrientationLandscapeRight";
				LD_RUNPATH_SEARCH_PATHS = (
					"$(inherited)",
					"@executable_path/Frameworks",
				);
				MARKETING_VERSION = 1.0;
				PRODUCT_BUNDLE_IDENTIFIER = "NatiaLobzhanidze.NatiaL-HW21";
				PRODUCT_NAME = "$(TARGET_NAME)";
				SWIFT_EMIT_LOC_STRINGS = YES;
				SWIFT_VERSION = 5.0;
				TARGETED_DEVICE_FAMILY = "1,2";
			};
			name = Debug;
		};
		60CB84B028A447170035C421 /* Release */ = {
			isa = XCBuildConfiguration;
			buildSettings = {
				ASSETCATALOG_COMPILER_APPICON_NAME = AppIcon;
				ASSETCATALOG_COMPILER_GLOBAL_ACCENT_COLOR_NAME = AccentColor;
				CODE_SIGN_STYLE = Automatic;
				CURRENT_PROJECT_VERSION = 1;
				GENERATE_INFOPLIST_FILE = YES;
				INFOPLIST_FILE = NatiaL_HW21/Info.plist;
				INFOPLIST_KEY_UIApplicationSupportsIndirectInputEvents = YES;
				INFOPLIST_KEY_UILaunchStoryboardName = LaunchScreen;
				INFOPLIST_KEY_UIMainStoryboardFile = Main;
				INFOPLIST_KEY_UISupportedInterfaceOrientations_iPad = "UIInterfaceOrientationPortrait UIInterfaceOrientationPortraitUpsideDown UIInterfaceOrientationLandscapeLeft UIInterfaceOrientationLandscapeRight";
				INFOPLIST_KEY_UISupportedInterfaceOrientations_iPhone = "UIInterfaceOrientationPortrait UIInterfaceOrientationLandscapeLeft UIInterfaceOrientationLandscapeRight";
				LD_RUNPATH_SEARCH_PATHS = (
					"$(inherited)",
					"@executable_path/Frameworks",
				);
				MARKETING_VERSION = 1.0;
				PRODUCT_BUNDLE_IDENTIFIER = "NatiaLobzhanidze.NatiaL-HW21";
				PRODUCT_NAME = "$(TARGET_NAME)";
				SWIFT_EMIT_LOC_STRINGS = YES;
				SWIFT_VERSION = 5.0;
				TARGETED_DEVICE_FAMILY = "1,2";
			};
			name = Release;
		};
/* End XCBuildConfiguration section */

/* Begin XCConfigurationList section */
		60CB849528A447160035C421 /* Build configuration list for PBXProject "NatiaL_HW21" */ = {
			isa = XCConfigurationList;
			buildConfigurations = (
				60CB84AC28A447170035C421 /* Debug */,
				60CB84AD28A447170035C421 /* Release */,
			);
			defaultConfigurationIsVisible = 0;
			defaultConfigurationName = Release;
		};
		60CB84AE28A447170035C421 /* Build configuration list for PBXNativeTarget "NatiaL_HW21" */ = {
			isa = XCConfigurationList;
			buildConfigurations = (
				60CB84AF28A447170035C421 /* Debug */,
				60CB84B028A447170035C421 /* Release */,
			);
			defaultConfigurationIsVisible = 0;
			defaultConfigurationName = Release;
		};
/* End XCConfigurationList section */
	};
	rootObject = 60CB849228A447160035C421 /* Project object */;
}
